
Microsoft Visual Studio Solution File, Format Version 12.00
# Visual Studio Version 17
VisualStudioVersion = 17.8.34511.84
MinimumVisualStudioVersion = 10.0.40219.1
Project("{FAE04EC0-301F-11D3-BF4B-00C04F79EFBC}") = "Aula02", "Aula02\Aula02.csproj", "{301DF85F-E803-46A8-95A4-7815EDBEC590}"
EndProject
Global
	GlobalSection(SolutionConfigurationPlatforms) = preSolution
		Debug|Any CPU = Debug|Any CPU
		Release|Any CPU = Release|Any CPU
	EndGlobalSection
	GlobalSection(ProjectConfigurationPlatforms) = postSolution
		{301DF85F-E803-46A8-95A4-7815EDBEC590}.Debug|Any CPU.ActiveCfg = Debug|Any CPU
		{301DF85F-E803-46A8-95A4-7815EDBEC590}.Debug|Any CPU.Build.0 = Debug|Any CPU
		{301DF85F-E803-46A8-95A4-7815EDBEC590}.Release|Any CPU.ActiveCfg = Release|Any CPU
		{301DF85F-E803-46A8-95A4-7815EDBEC590}.Release|Any CPU.Build.0 = Release|Any CPU
	EndGlobalSection
	GlobalSection(SolutionProperties) = preSolution
		HideSolutionNode = FALSE
	EndGlobalSection
	GlobalSection(ExtensibilityGlobals) = postSolution
		SolutionGuid = {D9AEE28F-9DE7-4A0C-8D30-5317705A2A46}
	EndGlobalSection
EndGlobal
