
Microsoft Visual Studio Solution File, Format Version 12.00
# Visual Studio Version 17
VisualStudioVersion = 17.8.34511.84
MinimumVisualStudioVersion = 10.0.40219.1
Project("{FAE04EC0-301F-11D3-BF4B-00C04F79EFBC}") = "EFExemplo", "EFExemplo\EFExemplo.csproj", "{44460731-1E42-48E7-8802-614C7743F80C}"
EndProject
Global
	GlobalSection(SolutionConfigurationPlatforms) = preSolution
		Debug|Any CPU = Debug|Any CPU
		Release|Any CPU = Release|Any CPU
	EndGlobalSection
	GlobalSection(ProjectConfigurationPlatforms) = postSolution
		{44460731-1E42-48E7-8802-614C7743F80C}.Debug|Any CPU.ActiveCfg = Debug|Any CPU
		{44460731-1E42-48E7-8802-614C7743F80C}.Debug|Any CPU.Build.0 = Debug|Any CPU
		{44460731-1E42-48E7-8802-614C7743F80C}.Release|Any CPU.ActiveCfg = Release|Any CPU
		{44460731-1E42-48E7-8802-614C7743F80C}.Release|Any CPU.Build.0 = Release|Any CPU
	EndGlobalSection
	GlobalSection(SolutionProperties) = preSolution
		HideSolutionNode = FALSE
	EndGlobalSection
	GlobalSection(ExtensibilityGlobals) = postSolution
		SolutionGuid = {A3FFB1C7-7EAB-46CF-9C3F-360655917032}
	EndGlobalSection
EndGlobal
